
Microsoft Visual Studio Solution File, Format Version 12.00
Project("{2150E333-8FDC-42A3-9474-1A3956D46DE8}") = "Server", "Server", "{2F2846F5-CC31-41ED-84AA-9FC75C1927E0}"
EndProject
Project("{FAE04EC0-301F-11D3-BF4B-00C04F79EFBC}") = "Entities", "Server\Entities\Entities.csproj", "{672F2F87-1649-4B70-A40A-5F8E5047774B}"
EndProject
Project("{FAE04EC0-301F-11D3-BF4B-00C04F79EFBC}") = "RepositoryContract", "Server\RepositoryContract\RepositoryContract.csproj", "{A23E4911-C0C3-4E17-BAEF-74025C841F55}"
EndProject
Project("{2150E333-8FDC-42A3-9474-1A3956D46DE8}") = "Shared", "Shared", "{376176EC-5963-4A37-9B83-2815B9A3F554}"
EndProject
Project("{FAE04EC0-301F-11D3-BF4B-00C04F79EFBC}") = "InMemoryRepositories", "Server\InMemoryRepositories\InMemoryRepositories.csproj", "{30999B5F-14A8-4A96-A0F7-402D049B2E8D}"
EndProject
Project("{FAE04EC0-301F-11D3-BF4B-00C04F79EFBC}") = "CLI", "Server\CLI\CLI.csproj", "{03287A88-9C74-462F-AD31-AA5FA976305B}"
EndProject
Project("{FAE04EC0-301F-11D3-BF4B-00C04F79EFBC}") = "FileRepositories", "Server\FileRepositories\FileRepositories.csproj", "{A89FF8F7-5E7F-41AE-A960-457F93EC8E4B}"
EndProject
Project("{FAE04EC0-301F-11D3-BF4B-00C04F79EFBC}") = "ApiContracts", "ApiContracts\ApiContracts.csproj", "{FB2C3CDD-C242-4716-8593-82676E1971B9}"
EndProject
Project("{FAE04EC0-301F-11D3-BF4B-00C04F79EFBC}") = "WebAPI", "Server\WebAPI\WebAPI.csproj", "{7C5AF336-553D-480B-8994-B52F594CDBA2}"
EndProject
Global
	GlobalSection(SolutionConfigurationPlatforms) = preSolution
		Debug|Any CPU = Debug|Any CPU
		Release|Any CPU = Release|Any CPU
	EndGlobalSection
	GlobalSection(NestedProjects) = preSolution
		{672F2F87-1649-4B70-A40A-5F8E5047774B} = {2F2846F5-CC31-41ED-84AA-9FC75C1927E0}
		{A23E4911-C0C3-4E17-BAEF-74025C841F55} = {2F2846F5-CC31-41ED-84AA-9FC75C1927E0}
		{30999B5F-14A8-4A96-A0F7-402D049B2E8D} = {2F2846F5-CC31-41ED-84AA-9FC75C1927E0}
		{03287A88-9C74-462F-AD31-AA5FA976305B} = {2F2846F5-CC31-41ED-84AA-9FC75C1927E0}
		{A89FF8F7-5E7F-41AE-A960-457F93EC8E4B} = {2F2846F5-CC31-41ED-84AA-9FC75C1927E0}
		{FB2C3CDD-C242-4716-8593-82676E1971B9} = {376176EC-5963-4A37-9B83-2815B9A3F554}
		{7C5AF336-553D-480B-8994-B52F594CDBA2} = {2F2846F5-CC31-41ED-84AA-9FC75C1927E0}
	EndGlobalSection
	GlobalSection(ProjectConfigurationPlatforms) = postSolution
		{672F2F87-1649-4B70-A40A-5F8E5047774B}.Debug|Any CPU.ActiveCfg = Debug|Any CPU
		{672F2F87-1649-4B70-A40A-5F8E5047774B}.Debug|Any CPU.Build.0 = Debug|Any CPU
		{672F2F87-1649-4B70-A40A-5F8E5047774B}.Release|Any CPU.ActiveCfg = Release|Any CPU
		{672F2F87-1649-4B70-A40A-5F8E5047774B}.Release|Any CPU.Build.0 = Release|Any CPU
		{A23E4911-C0C3-4E17-BAEF-74025C841F55}.Debug|Any CPU.ActiveCfg = Debug|Any CPU
		{A23E4911-C0C3-4E17-BAEF-74025C841F55}.Debug|Any CPU.Build.0 = Debug|Any CPU
		{A23E4911-C0C3-4E17-BAEF-74025C841F55}.Release|Any CPU.ActiveCfg = Release|Any CPU
		{A23E4911-C0C3-4E17-BAEF-74025C841F55}.Release|Any CPU.Build.0 = Release|Any CPU
		{30999B5F-14A8-4A96-A0F7-402D049B2E8D}.Debug|Any CPU.ActiveCfg = Debug|Any CPU
		{30999B5F-14A8-4A96-A0F7-402D049B2E8D}.Debug|Any CPU.Build.0 = Debug|Any CPU
		{30999B5F-14A8-4A96-A0F7-402D049B2E8D}.Release|Any CPU.ActiveCfg = Release|Any CPU
		{30999B5F-14A8-4A96-A0F7-402D049B2E8D}.Release|Any CPU.Build.0 = Release|Any CPU
		{03287A88-9C74-462F-AD31-AA5FA976305B}.Debug|Any CPU.ActiveCfg = Debug|Any CPU
		{03287A88-9C74-462F-AD31-AA5FA976305B}.Debug|Any CPU.Build.0 = Debug|Any CPU
		{03287A88-9C74-462F-AD31-AA5FA976305B}.Release|Any CPU.ActiveCfg = Release|Any CPU
		{03287A88-9C74-462F-AD31-AA5FA976305B}.Release|Any CPU.Build.0 = Release|Any CPU
		{A89FF8F7-5E7F-41AE-A960-457F93EC8E4B}.Debug|Any CPU.ActiveCfg = Debug|Any CPU
		{A89FF8F7-5E7F-41AE-A960-457F93EC8E4B}.Debug|Any CPU.Build.0 = Debug|Any CPU
		{A89FF8F7-5E7F-41AE-A960-457F93EC8E4B}.Release|Any CPU.ActiveCfg = Release|Any CPU
		{A89FF8F7-5E7F-41AE-A960-457F93EC8E4B}.Release|Any CPU.Build.0 = Release|Any CPU
		{FB2C3CDD-C242-4716-8593-82676E1971B9}.Debug|Any CPU.ActiveCfg = Debug|Any CPU
		{FB2C3CDD-C242-4716-8593-82676E1971B9}.Debug|Any CPU.Build.0 = Debug|Any CPU
		{FB2C3CDD-C242-4716-8593-82676E1971B9}.Release|Any CPU.ActiveCfg = Release|Any CPU
		{FB2C3CDD-C242-4716-8593-82676E1971B9}.Release|Any CPU.Build.0 = Release|Any CPU
		{7C5AF336-553D-480B-8994-B52F594CDBA2}.Debug|Any CPU.ActiveCfg = Debug|Any CPU
		{7C5AF336-553D-480B-8994-B52F594CDBA2}.Debug|Any CPU.Build.0 = Debug|Any CPU
		{7C5AF336-553D-480B-8994-B52F594CDBA2}.Release|Any CPU.ActiveCfg = Release|Any CPU
		{7C5AF336-553D-480B-8994-B52F594CDBA2}.Release|Any CPU.Build.0 = Release|Any CPU
	EndGlobalSection
EndGlobal
